// !$*UTF8*$!
{
	archiveVersion = 1;
	classes = {
	};
	objectVersion = 55;
	objects = {

/* Begin PBXBuildFile section */
		4B12CAA027DC5849001DC87A /* LandmarksApp.swift in Sources */ = {isa = PBXBuildFile; fileRef = 4B12CA9F27DC5849001DC87A /* LandmarksApp.swift */; };
		4B12CAA227DC5849001DC87A /* ContentView.swift in Sources */ = {isa = PBXBuildFile; fileRef = 4B12CAA127DC5849001DC87A /* ContentView.swift */; };
		4B12CAA427DC5849001DC87A /* Assets.xcassets in Resources */ = {isa = PBXBuildFile; fileRef = 4B12CAA327DC5849001DC87A /* Assets.xcassets */; };
		4B12CAA727DC5849001DC87A /* Preview Assets.xcassets in Resources */ = {isa = PBXBuildFile; fileRef = 4B12CAA627DC5849001DC87A /* Preview Assets.xcassets */; };
		4B12CAAE27DC68C6001DC87A /* CircleImage.swift in Sources */ = {isa = PBXBuildFile; fileRef = 4B12CAAD27DC68C6001DC87A /* CircleImage.swift */; };
		4B12CAB027DC69F9001DC87A /* MapView.swift in Sources */ = {isa = PBXBuildFile; fileRef = 4B12CAAF27DC69F9001DC87A /* MapView.swift */; };
		4B7F2E0F27F1B5E80039C939 /* BadgeBackground.swift in Sources */ = {isa = PBXBuildFile; fileRef = 4B7F2E0E27F1B5E80039C939 /* BadgeBackground.swift */; };
		4B7F2E1127F1BF0E0039C939 /* BadgeSymbol.swift in Sources */ = {isa = PBXBuildFile; fileRef = 4B7F2E1027F1BF0E0039C939 /* BadgeSymbol.swift */; };
		4B7F2E1327F1BF6E0039C939 /* RotatedBadgeSymbol.swift in Sources */ = {isa = PBXBuildFile; fileRef = 4B7F2E1227F1BF6E0039C939 /* RotatedBadgeSymbol.swift */; };
		4B7F2E1527F1BFB60039C939 /* Badge.swift in Sources */ = {isa = PBXBuildFile; fileRef = 4B7F2E1427F1BFB60039C939 /* Badge.swift */; };
		4B86507B27DDBAA4009C10AD /* FavoriteButton.swift in Sources */ = {isa = PBXBuildFile; fileRef = 4B86507A27DDBAA4009C10AD /* FavoriteButton.swift */; };
		4BD3180E27DC74F7002E91AC /* landmarkData.json in Resources */ = {isa = PBXBuildFile; fileRef = 4BD3180D27DC74F7002E91AC /* landmarkData.json */; };
		4BD3181027DC7510002E91AC /* Landmark.swift in Sources */ = {isa = PBXBuildFile; fileRef = 4BD3180F27DC7510002E91AC /* Landmark.swift */; };
		4BD3181227DC7726002E91AC /* ModelData.swift in Sources */ = {isa = PBXBuildFile; fileRef = 4BD3181127DC7726002E91AC /* ModelData.swift */; };
		4BD3181727DC791A002E91AC /* LandmarkRow.swift in Sources */ = {isa = PBXBuildFile; fileRef = 4BD3181627DC791A002E91AC /* LandmarkRow.swift */; };
		4BD3181927DC8045002E91AC /* LandmarkList.swift in Sources */ = {isa = PBXBuildFile; fileRef = 4BD3181827DC8045002E91AC /* LandmarkList.swift */; };
		4BD3181B27DC8308002E91AC /* LandmarkDetail.swift in Sources */ = {isa = PBXBuildFile; fileRef = 4BD3181A27DC8308002E91AC /* LandmarkDetail.swift */; };
		4BFE1B0927F1AF9E001A520F /* HexagonParameters.swift in Sources */ = {isa = PBXBuildFile; fileRef = 4BFE1B0827F1AF9E001A520F /* HexagonParameters.swift */; };
/* End PBXBuildFile section */

/* Begin PBXFileReference section */
		4B12CA9C27DC5849001DC87A /* Landmarks.app */ = {isa = PBXFileReference; explicitFileType = wrapper.application; includeInIndex = 0; path = Landmarks.app; sourceTree = BUILT_PRODUCTS_DIR; };
		4B12CA9F27DC5849001DC87A /* LandmarksApp.swift */ = {isa = PBXFileReference; lastKnownFileType = sourcecode.swift; path = LandmarksApp.swift; sourceTree = "<group>"; };
		4B12CAA127DC5849001DC87A /* ContentView.swift */ = {isa = PBXFileReference; lastKnownFileType = sourcecode.swift; path = ContentView.swift; sourceTree = "<group>"; };
		4B12CAA327DC5849001DC87A /* Assets.xcassets */ = {isa = PBXFileReference; lastKnownFileType = folder.assetcatalog; path = Assets.xcassets; sourceTree = "<group>"; };
		4B12CAA627DC5849001DC87A /* Preview Assets.xcassets */ = {isa = PBXFileReference; lastKnownFileType = folder.assetcatalog; path = "Preview Assets.xcassets"; sourceTree = "<group>"; };
		4B12CAAD27DC68C6001DC87A /* CircleImage.swift */ = {isa = PBXFileReference; lastKnownFileType = sourcecode.swift; path = CircleImage.swift; sourceTree = "<group>"; };
		4B12CAAF27DC69F9001DC87A /* MapView.swift */ = {isa = PBXFileReference; lastKnownFileType = sourcecode.swift; path = MapView.swift; sourceTree = "<group>"; };
		4B7F2E0E27F1B5E80039C939 /* BadgeBackground.swift */ = {isa = PBXFileReference; lastKnownFileType = sourcecode.swift; path = BadgeBackground.swift; sourceTree = "<group>"; };
		4B7F2E1027F1BF0E0039C939 /* BadgeSymbol.swift */ = {isa = PBXFileReference; lastKnownFileType = sourcecode.swift; path = BadgeSymbol.swift; sourceTree = "<group>"; };
		4B7F2E1227F1BF6E0039C939 /* RotatedBadgeSymbol.swift */ = {isa = PBXFileReference; lastKnownFileType = sourcecode.swift; path = RotatedBadgeSymbol.swift; sourceTree = "<group>"; };
		4B7F2E1427F1BFB60039C939 /* Badge.swift */ = {isa = PBXFileReference; lastKnownFileType = sourcecode.swift; path = Badge.swift; sourceTree = "<group>"; };
		4B86507A27DDBAA4009C10AD /* FavoriteButton.swift */ = {isa = PBXFileReference; lastKnownFileType = sourcecode.swift; path = FavoriteButton.swift; sourceTree = "<group>"; };
		4BD3180D27DC74F7002E91AC /* landmarkData.json */ = {isa = PBXFileReference; fileEncoding = 4; lastKnownFileType = text.json; path = landmarkData.json; sourceTree = "<group>"; };
		4BD3180F27DC7510002E91AC /* Landmark.swift */ = {isa = PBXFileReference; lastKnownFileType = sourcecode.swift; path = Landmark.swift; sourceTree = "<group>"; };
		4BD3181127DC7726002E91AC /* ModelData.swift */ = {isa = PBXFileReference; lastKnownFileType = sourcecode.swift; path = ModelData.swift; sourceTree = "<group>"; };
		4BD3181627DC791A002E91AC /* LandmarkRow.swift */ = {isa = PBXFileReference; lastKnownFileType = sourcecode.swift; path = LandmarkRow.swift; sourceTree = "<group>"; };
		4BD3181827DC8045002E91AC /* LandmarkList.swift */ = {isa = PBXFileReference; lastKnownFileType = sourcecode.swift; path = LandmarkList.swift; sourceTree = "<group>"; };
		4BD3181A27DC8308002E91AC /* LandmarkDetail.swift */ = {isa = PBXFileReference; lastKnownFileType = sourcecode.swift; path = LandmarkDetail.swift; sourceTree = "<group>"; };
		4BFE1B0827F1AF9E001A520F /* HexagonParameters.swift */ = {isa = PBXFileReference; lastKnownFileType = sourcecode.swift; path = HexagonParameters.swift; sourceTree = "<group>"; };
/* End PBXFileReference section */

/* Begin PBXFrameworksBuildPhase section */
		4B12CA9927DC5849001DC87A /* Frameworks */ = {
			isa = PBXFrameworksBuildPhase;
			buildActionMask = 2147483647;
			files = (
			);
			runOnlyForDeploymentPostprocessing = 0;
		};
/* End PBXFrameworksBuildPhase section */

/* Begin PBXGroup section */
		4B12CA9327DC5849001DC87A = {
			isa = PBXGroup;
			children = (
				4B12CA9E27DC5849001DC87A /* Landmarks */,
				4B12CA9D27DC5849001DC87A /* Products */,
			);
			sourceTree = "<group>";
		};
		4B12CA9D27DC5849001DC87A /* Products */ = {
			isa = PBXGroup;
			children = (
				4B12CA9C27DC5849001DC87A /* Landmarks.app */,
			);
			name = Products;
			sourceTree = "<group>";
		};
		4B12CA9E27DC5849001DC87A /* Landmarks */ = {
			isa = PBXGroup;
			children = (
				4B12CA9F27DC5849001DC87A /* LandmarksApp.swift */,
				4BD3181327DC7885002E91AC /* Views */,
				4BD3181427DC788B002E91AC /* Model */,
				4BD3181527DC7891002E91AC /* Resources */,
				4B12CAA327DC5849001DC87A /* Assets.xcassets */,
				4B12CAA527DC5849001DC87A /* Preview Content */,
			);
			path = Landmarks;
			sourceTree = "<group>";
		};
		4B12CAA527DC5849001DC87A /* Preview Content */ = {
			isa = PBXGroup;
			children = (
				4B12CAA627DC5849001DC87A /* Preview Assets.xcassets */,
			);
			path = "Preview Content";
			sourceTree = "<group>";
		};
		4B7F2E1627F1C0290039C939 /* Badges */ = {
			isa = PBXGroup;
			children = (
				4BFE1B0827F1AF9E001A520F /* HexagonParameters.swift */,
				4B7F2E0E27F1B5E80039C939 /* BadgeBackground.swift */,
				4B7F2E1027F1BF0E0039C939 /* BadgeSymbol.swift */,
				4B7F2E1227F1BF6E0039C939 /* RotatedBadgeSymbol.swift */,
				4B7F2E1427F1BFB60039C939 /* Badge.swift */,
			);
			path = Badges;
			sourceTree = "<group>";
		};
		4B86507C27DDBB71009C10AD /* Landmarks */ = {
			isa = PBXGroup;
			children = (
				4BD3181627DC791A002E91AC /* LandmarkRow.swift */,
				4BD3181827DC8045002E91AC /* LandmarkList.swift */,
				4BD3181A27DC8308002E91AC /* LandmarkDetail.swift */,
			);
			path = Landmarks;
			sourceTree = "<group>";
		};
		4B86507D27DDBB77009C10AD /* Helpers */ = {
			isa = PBXGroup;
			children = (
				4B12CAAD27DC68C6001DC87A /* CircleImage.swift */,
				4B12CAAF27DC69F9001DC87A /* MapView.swift */,
				4B86507A27DDBAA4009C10AD /* FavoriteButton.swift */,
			);
			path = Helpers;
			sourceTree = "<group>";
		};
		4BD3181327DC7885002E91AC /* Views */ = {
			isa = PBXGroup;
			children = (
				4B7F2E1627F1C0290039C939 /* Badges */,
				4B12CAA127DC5849001DC87A /* ContentView.swift */,
				4B86507C27DDBB71009C10AD /* Landmarks */,
				4B86507D27DDBB77009C10AD /* Helpers */,
			);
			path = Views;
			sourceTree = "<group>";
		};
		4BD3181427DC788B002E91AC /* Model */ = {
			isa = PBXGroup;
			children = (
				4BD3180F27DC7510002E91AC /* Landmark.swift */,
				4BD3181127DC7726002E91AC /* ModelData.swift */,
			);
			path = Model;
			sourceTree = "<group>";
		};
		4BD3181527DC7891002E91AC /* Resources */ = {
			isa = PBXGroup;
			children = (
				4BD3180D27DC74F7002E91AC /* landmarkData.json */,
			);
			path = Resources;
			sourceTree = "<group>";
		};
/* End PBXGroup section */

/* Begin PBXNativeTarget section */
		4B12CA9B27DC5849001DC87A /* Landmarks */ = {
			isa = PBXNativeTarget;
			buildConfigurationList = 4B12CAAA27DC5849001DC87A /* Build configuration list for PBXNativeTarget "Landmarks" */;
			buildPhases = (
				4B12CA9827DC5849001DC87A /* Sources */,
				4B12CA9927DC5849001DC87A /* Frameworks */,
				4B12CA9A27DC5849001DC87A /* Resources */,
			);
			buildRules = (
			);
			dependencies = (
			);
			name = Landmarks;
			productName = Landmarks;
			productReference = 4B12CA9C27DC5849001DC87A /* Landmarks.app */;
			productType = "com.apple.product-type.application";
		};
/* End PBXNativeTarget section */

/* Begin PBXProject section */
		4B12CA9427DC5849001DC87A /* Project object */ = {
			isa = PBXProject;
			attributes = {
				BuildIndependentTargetsInParallel = 1;
				LastSwiftUpdateCheck = 1330;
				LastUpgradeCheck = 1330;
				TargetAttributes = {
					4B12CA9B27DC5849001DC87A = {
						CreatedOnToolsVersion = 13.3;
					};
				};
			};
			buildConfigurationList = 4B12CA9727DC5849001DC87A /* Build configuration list for PBXProject "Landmarks" */;
			compatibilityVersion = "Xcode 13.0";
			developmentRegion = en;
			hasScannedForEncodings = 0;
			knownRegions = (
				en,
				Base,
			);
			mainGroup = 4B12CA9327DC5849001DC87A;
			productRefGroup = 4B12CA9D27DC5849001DC87A /* Products */;
			projectDirPath = "";
			projectRoot = "";
			targets = (
				4B12CA9B27DC5849001DC87A /* Landmarks */,
			);
		};
/* End PBXProject section */

/* Begin PBXResourcesBuildPhase section */
		4B12CA9A27DC5849001DC87A /* Resources */ = {
			isa = PBXResourcesBuildPhase;
			buildActionMask = 2147483647;
			files = (
				4B12CAA727DC5849001DC87A /* Preview Assets.xcassets in Resources */,
				4B12CAA427DC5849001DC87A /* Assets.xcassets in Resources */,
				4BD3180E27DC74F7002E91AC /* landmarkData.json in Resources */,
			);
			runOnlyForDeploymentPostprocessing = 0;
		};
/* End PBXResourcesBuildPhase section */

/* Begin PBXSourcesBuildPhase section */
		4B12CA9827DC5849001DC87A /* Sources */ = {
			isa = PBXSourcesBuildPhase;
			buildActionMask = 2147483647;
			files = (
				4B12CAA227DC5849001DC87A /* ContentView.swift in Sources */,
				4B7F2E1527F1BFB60039C939 /* Badge.swift in Sources */,
				4B12CAB027DC69F9001DC87A /* MapView.swift in Sources */,
				4B12CAA027DC5849001DC87A /* LandmarksApp.swift in Sources */,
				4B86507B27DDBAA4009C10AD /* FavoriteButton.swift in Sources */,
				4BFE1B0927F1AF9E001A520F /* HexagonParameters.swift in Sources */,
				4B7F2E1327F1BF6E0039C939 /* RotatedBadgeSymbol.swift in Sources */,
				4B7F2E1127F1BF0E0039C939 /* BadgeSymbol.swift in Sources */,
				4BD3181927DC8045002E91AC /* LandmarkList.swift in Sources */,
				4BD3181B27DC8308002E91AC /* LandmarkDetail.swift in Sources */,
				4B7F2E0F27F1B5E80039C939 /* BadgeBackground.swift in Sources */,
				4B12CAAE27DC68C6001DC87A /* CircleImage.swift in Sources */,
				4BD3181027DC7510002E91AC /* Landmark.swift in Sources */,
				4BD3181727DC791A002E91AC /* LandmarkRow.swift in Sources */,
				4BD3181227DC7726002E91AC /* ModelData.swift in Sources */,
			);
			runOnlyForDeploymentPostprocessing = 0;
		};
/* End PBXSourcesBuildPhase section */

/* Begin XCBuildConfiguration section */
		4B12CAA827DC5849001DC87A /* Debug */ = {
			isa = XCBuildConfiguration;
			buildSettings = {
				ALWAYS_SEARCH_USER_PATHS = NO;
				CLANG_ANALYZER_NONNULL = YES;
				CLANG_ANALYZER_NUMBER_OBJECT_CONVERSION = YES_AGGRESSIVE;
				CLANG_CXX_LANGUAGE_STANDARD = "gnu++17";
				CLANG_ENABLE_MODULES = YES;
				CLANG_ENABLE_OBJC_ARC = YES;
				CLANG_ENABLE_OBJC_WEAK = YES;
				CLANG_WARN_BLOCK_CAPTURE_AUTORELEASING = YES;
				CLANG_WARN_BOOL_CONVERSION = YES;
				CLANG_WARN_COMMA = YES;
				CLANG_WARN_CONSTANT_CONVERSION = YES;
				CLANG_WARN_DEPRECATED_OBJC_IMPLEMENTATIONS = YES;
				CLANG_WARN_DIRECT_OBJC_ISA_USAGE = YES_ERROR;
				CLANG_WARN_DOCUMENTATION_COMMENTS = YES;
				CLANG_WARN_EMPTY_BODY = YES;
				CLANG_WARN_ENUM_CONVERSION = YES;
				CLANG_WARN_INFINITE_RECURSION = YES;
				CLANG_WARN_INT_CONVERSION = YES;
				CLANG_WARN_NON_LITERAL_NULL_CONVERSION = YES;
				CLANG_WARN_OBJC_IMPLICIT_RETAIN_SELF = YES;
				CLANG_WARN_OBJC_LITERAL_CONVERSION = YES;
				CLANG_WARN_OBJC_ROOT_CLASS = YES_ERROR;
				CLANG_WARN_QUOTED_INCLUDE_IN_FRAMEWORK_HEADER = YES;
				CLANG_WARN_RANGE_LOOP_ANALYSIS = YES;
				CLANG_WARN_STRICT_PROTOTYPES = YES;
				CLANG_WARN_SUSPICIOUS_MOVE = YES;
				CLANG_WARN_UNGUARDED_AVAILABILITY = YES_AGGRESSIVE;
				CLANG_WARN_UNREACHABLE_CODE = YES;
				CLANG_WARN__DUPLICATE_METHOD_MATCH = YES;
				COPY_PHASE_STRIP = NO;
				DEBUG_INFORMATION_FORMAT = dwarf;
				ENABLE_STRICT_OBJC_MSGSEND = YES;
				ENABLE_TESTABILITY = YES;
				GCC_C_LANGUAGE_STANDARD = gnu11;
				GCC_DYNAMIC_NO_PIC = NO;
				GCC_NO_COMMON_BLOCKS = YES;
				GCC_OPTIMIZATION_LEVEL = 0;
				GCC_PREPROCESSOR_DEFINITIONS = (
					"DEBUG=1",
					"$(inherited)",
				);
				GCC_WARN_64_TO_32_BIT_CONVERSION = YES;
				GCC_WARN_ABOUT_RETURN_TYPE = YES_ERROR;
				GCC_WARN_UNDECLARED_SELECTOR = YES;
				GCC_WARN_UNINITIALIZED_AUTOS = YES_AGGRESSIVE;
				GCC_WARN_UNUSED_FUNCTION = YES;
				GCC_WARN_UNUSED_VARIABLE = YES;
				IPHONEOS_DEPLOYMENT_TARGET = 15.4;
				MTL_ENABLE_DEBUG_INFO = INCLUDE_SOURCE;
				MTL_FAST_MATH = YES;
				ONLY_ACTIVE_ARCH = YES;
				SDKROOT = iphoneos;
				SWIFT_ACTIVE_COMPILATION_CONDITIONS = DEBUG;
				SWIFT_OPTIMIZATION_LEVEL = "-Onone";
			};
			name = Debug;
		};
		4B12CAA927DC5849001DC87A /* Release */ = {
			isa = XCBuildConfiguration;
			buildSettings = {
				ALWAYS_SEARCH_USER_PATHS = NO;
				CLANG_ANALYZER_NONNULL = YES;
				CLANG_ANALYZER_NUMBER_OBJECT_CONVERSION = YES_AGGRESSIVE;
				CLANG_CXX_LANGUAGE_STANDARD = "gnu++17";
				CLANG_ENABLE_MODULES = YES;
				CLANG_ENABLE_OBJC_ARC = YES;
				CLANG_ENABLE_OBJC_WEAK = YES;
				CLANG_WARN_BLOCK_CAPTURE_AUTORELEASING = YES;
				CLANG_WARN_BOOL_CONVERSION = YES;
				CLANG_WARN_COMMA = YES;
				CLANG_WARN_CONSTANT_CONVERSION = YES;
				CLANG_WARN_DEPRECATED_OBJC_IMPLEMENTATIONS = YES;
				CLANG_WARN_DIRECT_OBJC_ISA_USAGE = YES_ERROR;
				CLANG_WARN_DOCUMENTATION_COMMENTS = YES;
				CLANG_WARN_EMPTY_BODY = YES;
				CLANG_WARN_ENUM_CONVERSION = YES;
				CLANG_WARN_INFINITE_RECURSION = YES;
				CLANG_WARN_INT_CONVERSION = YES;
				CLANG_WARN_NON_LITERAL_NULL_CONVERSION = YES;
				CLANG_WARN_OBJC_IMPLICIT_RETAIN_SELF = YES;
				CLANG_WARN_OBJC_LITERAL_CONVERSION = YES;
				CLANG_WARN_OBJC_ROOT_CLASS = YES_ERROR;
				CLANG_WARN_QUOTED_INCLUDE_IN_FRAMEWORK_HEADER = YES;
				CLANG_WARN_RANGE_LOOP_ANALYSIS = YES;
				CLANG_WARN_STRICT_PROTOTYPES = YES;
				CLANG_WARN_SUSPICIOUS_MOVE = YES;
				CLANG_WARN_UNGUARDED_AVAILABILITY = YES_AGGRESSIVE;
				CLANG_WARN_UNREACHABLE_CODE = YES;
				CLANG_WARN__DUPLICATE_METHOD_MATCH = YES;
				COPY_PHASE_STRIP = NO;
				DEBUG_INFORMATION_FORMAT = "dwarf-with-dsym";
				ENABLE_NS_ASSERTIONS = NO;
				ENABLE_STRICT_OBJC_MSGSEND = YES;
				GCC_C_LANGUAGE_STANDARD = gnu11;
				GCC_NO_COMMON_BLOCKS = YES;
				GCC_WARN_64_TO_32_BIT_CONVERSION = YES;
				GCC_WARN_ABOUT_RETURN_TYPE = YES_ERROR;
				GCC_WARN_UNDECLARED_SELECTOR = YES;
				GCC_WARN_UNINITIALIZED_AUTOS = YES_AGGRESSIVE;
				GCC_WARN_UNUSED_FUNCTION = YES;
				GCC_WARN_UNUSED_VARIABLE = YES;
				IPHONEOS_DEPLOYMENT_TARGET = 15.4;
				MTL_ENABLE_DEBUG_INFO = NO;
				MTL_FAST_MATH = YES;
				SDKROOT = iphoneos;
				SWIFT_COMPILATION_MODE = wholemodule;
				SWIFT_OPTIMIZATION_LEVEL = "-O";
				VALIDATE_PRODUCT = YES;
			};
			name = Release;
		};
		4B12CAAB27DC5849001DC87A /* Debug */ = {
			isa = XCBuildConfiguration;
			buildSettings = {
				ASSETCATALOG_COMPILER_APPICON_NAME = AppIcon;
				ASSETCATALOG_COMPILER_GLOBAL_ACCENT_COLOR_NAME = AccentColor;
				CODE_SIGN_STYLE = Automatic;
				CURRENT_PROJECT_VERSION = 1;
				DEVELOPMENT_ASSET_PATHS = "\"Landmarks/Preview Content\"";
				DEVELOPMENT_TEAM = P9TVSH3F53;
				ENABLE_PREVIEWS = YES;
				GENERATE_INFOPLIST_FILE = YES;
				INFOPLIST_KEY_UIApplicationSceneManifest_Generation = YES;
				INFOPLIST_KEY_UIApplicationSupportsIndirectInputEvents = YES;
				INFOPLIST_KEY_UILaunchScreen_Generation = YES;
				INFOPLIST_KEY_UISupportedInterfaceOrientations_iPad = "UIInterfaceOrientationPortrait UIInterfaceOrientationPortraitUpsideDown UIInterfaceOrientationLandscapeLeft UIInterfaceOrientationLandscapeRight";
				INFOPLIST_KEY_UISupportedInterfaceOrientations_iPhone = "UIInterfaceOrientationPortrait UIInterfaceOrientationLandscapeLeft UIInterfaceOrientationLandscapeRight";
				LD_RUNPATH_SEARCH_PATHS = (
					"$(inherited)",
					"@executable_path/Frameworks",
				);
				MARKETING_VERSION = 1.0;
				PRODUCT_BUNDLE_IDENTIFIER = com.yuchen.Landmarks;
				PRODUCT_NAME = "$(TARGET_NAME)";
				SWIFT_EMIT_LOC_STRINGS = YES;
				SWIFT_VERSION = 5.0;
				TARGETED_DEVICE_FAMILY = "1,2";
			};
			name = Debug;
		};
		4B12CAAC27DC5849001DC87A /* Release */ = {
			isa = XCBuildConfiguration;
			buildSettings = {
				ASSETCATALOG_COMPILER_APPICON_NAME = AppIcon;
				ASSETCATALOG_COMPILER_GLOBAL_ACCENT_COLOR_NAME = AccentColor;
				CODE_SIGN_STYLE = Automatic;
				CURRENT_PROJECT_VERSION = 1;
				DEVELOPMENT_ASSET_PATHS = "\"Landmarks/Preview Content\"";
				DEVELOPMENT_TEAM = P9TVSH3F53;
				ENABLE_PREVIEWS = YES;
				GENERATE_INFOPLIST_FILE = YES;
				INFOPLIST_KEY_UIApplicationSceneManifest_Generation = YES;
				INFOPLIST_KEY_UIApplicationSupportsIndirectInputEvents = YES;
				INFOPLIST_KEY_UILaunchScreen_Generation = YES;
				INFOPLIST_KEY_UISupportedInterfaceOrientations_iPad = "UIInterfaceOrientationPortrait UIInterfaceOrientationPortraitUpsideDown UIInterfaceOrientationLandscapeLeft UIInterfaceOrientationLandscapeRight";
				INFOPLIST_KEY_UISupportedInterfaceOrientations_iPhone = "UIInterfaceOrientationPortrait UIInterfaceOrientationLandscapeLeft UIInterfaceOrientationLandscapeRight";
				LD_RUNPATH_SEARCH_PATHS = (
					"$(inherited)",
					"@executable_path/Frameworks",
				);
				MARKETING_VERSION = 1.0;
				PRODUCT_BUNDLE_IDENTIFIER = com.yuchen.Landmarks;
				PRODUCT_NAME = "$(TARGET_NAME)";
				SWIFT_EMIT_LOC_STRINGS = YES;
				SWIFT_VERSION = 5.0;
				TARGETED_DEVICE_FAMILY = "1,2";
			};
			name = Release;
		};
/* End XCBuildConfiguration section */

/* Begin XCConfigurationList section */
		4B12CA9727DC5849001DC87A /* Build configuration list for PBXProject "Landmarks" */ = {
			isa = XCConfigurationList;
			buildConfigurations = (
				4B12CAA827DC5849001DC87A /* Debug */,
				4B12CAA927DC5849001DC87A /* Release */,
			);
			defaultConfigurationIsVisible = 0;
			defaultConfigurationName = Release;
		};
		4B12CAAA27DC5849001DC87A /* Build configuration list for PBXNativeTarget "Landmarks" */ = {
			isa = XCConfigurationList;
			buildConfigurations = (
				4B12CAAB27DC5849001DC87A /* Debug */,
				4B12CAAC27DC5849001DC87A /* Release */,
			);
			defaultConfigurationIsVisible = 0;
			defaultConfigurationName = Release;
		};
/* End XCConfigurationList section */
	};
	rootObject = 4B12CA9427DC5849001DC87A /* Project object */;
}
